
Microsoft Visual Studio Solution File, Format Version 12.00
# Visual Studio Version 17
VisualStudioVersion = 17.9.34728.123
MinimumVisualStudioVersion = 10.0.40219.1
Project("{9A19103F-16F7-4668-BE54-9A1E7A4F7556}") = "BlazorAudioPlayer", "BlazorAudioPlayer.csproj", "{BECB44D3-5EF2-469D-96A4-6ED392A3D040}"
EndProject
Global
	GlobalSection(SolutionConfigurationPlatforms) = preSolution
		Debug|Any CPU = Debug|Any CPU
		Release|Any CPU = Release|Any CPU
	EndGlobalSection
	GlobalSection(ProjectConfigurationPlatforms) = postSolution
		{BECB44D3-5EF2-469D-96A4-6ED392A3D040}.Debug|Any CPU.ActiveCfg = Debug|Any CPU
		{BECB44D3-5EF2-469D-96A4-6ED392A3D040}.Debug|Any CPU.Build.0 = Debug|Any CPU
		{BECB44D3-5EF2-469D-96A4-6ED392A3D040}.Debug|Any CPU.Deploy.0 = Debug|Any CPU
		{BECB44D3-5EF2-469D-96A4-6ED392A3D040}.Release|Any CPU.ActiveCfg = Release|Any CPU
		{BECB44D3-5EF2-469D-96A4-6ED392A3D040}.Release|Any CPU.Build.0 = Release|Any CPU
		{BECB44D3-5EF2-469D-96A4-6ED392A3D040}.Release|Any CPU.Deploy.0 = Release|Any CPU
	EndGlobalSection
	GlobalSection(SolutionProperties) = preSolution
		HideSolutionNode = FALSE
	EndGlobalSection
	GlobalSection(ExtensibilityGlobals) = postSolution
		SolutionGuid = {B2EB77EC-3EBB-4296-A6A2-C52D56AA8432}
	EndGlobalSection
EndGlobal
